
Microsoft Visual Studio Solution File, Format Version 12.00
Project("{FAE04EC0-301F-11D3-BF4B-00C04F79EFBC}") = "Lesson_1.1", "Lesson_1.1\Lesson_1.1.csproj", "{31DA1C89-823A-4E9E-8821-B8346CE229E6}"
EndProject
Project("{FAE04EC0-301F-11D3-BF4B-00C04F79EFBC}") = "Lesson_2.1", "Lesson_2.1\Lesson_2.1.csproj", "{994DD6D3-014B-441A-AB81-63F5CFE51687}"
EndProject
Project("{FAE04EC0-301F-11D3-BF4B-00C04F79EFBC}") = "Lesson_3.1", "Lesson_3.1\Lesson_3.1.csproj", "{97E68230-E2EC-4040-8540-025588BB77AB}"
EndProject
Project("{FAE04EC0-301F-11D3-BF4B-00C04F79EFBC}") = "Lesson_3.2", "Lesson_3.2\Lesson_3.2.csproj", "{3E2D890E-0A5B-459A-9D15-3801CAFDEB1A}"
EndProject
Project("{FAE04EC0-301F-11D3-BF4B-00C04F79EFBC}") = "Lesson_3.3", "Lesson_3.3\Lesson_3.3.csproj", "{2300CC47-E24E-42B6-B841-2F24FBA25416}"
EndProject
Project("{FAE04EC0-301F-11D3-BF4B-00C04F79EFBC}") = "Lesson_4.1", "Lesson_4.1\Lesson_4.1.csproj", "{F4B86C60-E6FD-42FE-B0AB-4513061CE159}"
EndProject
Project("{FAE04EC0-301F-11D3-BF4B-00C04F79EFBC}") = "Lesson_4.2", "Lesson_4.2\Lesson_4.2.csproj", "{6A6BAEBA-7F91-424E-9868-3BDF9344D06A}"
EndProject
Project("{FAE04EC0-301F-11D3-BF4B-00C04F79EFBC}") = "Lesson_5.1", "Lesson_5.1\Lesson_5.1.csproj", "{36F09747-6D17-4C11-9E27-C2D82258E17D}"
EndProject
Project("{FAE04EC0-301F-11D3-BF4B-00C04F79EFBC}") = "Lesson_5.2", "Lesson_5.2\Lesson_5.2.csproj", "{5AE66067-2E64-40BC-B3BB-33B671EE7E2E}"
EndProject
Project("{FAE04EC0-301F-11D3-BF4B-00C04F79EFBC}") = "Lesson_5.3", "Lesson_5.3\Lesson_5.3.csproj", "{9BDAFC0B-8913-4019-B4A3-6CACEE85F90D}"
EndProject
Project("{FAE04EC0-301F-11D3-BF4B-00C04F79EFBC}") = "Lesson_6.1", "Lesson_6.1\Lesson_6.1.csproj", "{7F216095-982C-4A17-8213-BEA7FE8D073E}"
EndProject
Project("{FAE04EC0-301F-11D3-BF4B-00C04F79EFBC}") = "Lesson_6.2", "Lesson_6.2\Lesson_6.2.csproj", "{12CF5D83-5FBE-4116-ABD1-DBCC47B42A65}"
EndProject
Project("{FAE04EC0-301F-11D3-BF4B-00C04F79EFBC}") = "Lesson_6.3", "Lesson_6.3\Lesson_6.3.csproj", "{44DE8738-9467-485F-B1E6-AB97A129C74A}"
EndProject
Project("{FAE04EC0-301F-11D3-BF4B-00C04F79EFBC}") = "Lesson_7.1", "Lesson_7.1\Lesson_7.1.csproj", "{47FA4470-F86F-4599-9D50-25DEAE6DE24B}"
EndProject
Project("{FAE04EC0-301F-11D3-BF4B-00C04F79EFBC}") = "Lesson_7.2", "Lesson_7.2\Lesson_7.2.csproj", "{A7C9DDC3-8EFD-4032-88FA-4CD4B05BD10F}"
EndProject
Project("{FAE04EC0-301F-11D3-BF4B-00C04F79EFBC}") = "Lesson_8.1", "Lesson_8.1\Lesson_8.1.csproj", "{6719706C-8709-4E7F-9574-73DCB9F03E97}"
EndProject
Project("{FAE04EC0-301F-11D3-BF4B-00C04F79EFBC}") = "Lesson_8.2", "Lesson_8.2\Lesson_8.2.csproj", "{562BB0D9-5B74-4914-A9E7-BD334E97EE5C}"
EndProject
Project("{FAE04EC0-301F-11D3-BF4B-00C04F79EFBC}") = "Lesson_8.3", "Lesson_8.3\Lesson_8.3.csproj", "{3713B81C-7A50-485E-8C43-AB02920D57B4}"
EndProject
Global
	GlobalSection(SolutionConfigurationPlatforms) = preSolution
		Debug|Any CPU = Debug|Any CPU
		Release|Any CPU = Release|Any CPU
	EndGlobalSection
	GlobalSection(ProjectConfigurationPlatforms) = postSolution
		{31DA1C89-823A-4E9E-8821-B8346CE229E6}.Debug|Any CPU.ActiveCfg = Debug|Any CPU
		{31DA1C89-823A-4E9E-8821-B8346CE229E6}.Debug|Any CPU.Build.0 = Debug|Any CPU
		{31DA1C89-823A-4E9E-8821-B8346CE229E6}.Release|Any CPU.ActiveCfg = Release|Any CPU
		{31DA1C89-823A-4E9E-8821-B8346CE229E6}.Release|Any CPU.Build.0 = Release|Any CPU
		{994DD6D3-014B-441A-AB81-63F5CFE51687}.Debug|Any CPU.ActiveCfg = Debug|Any CPU
		{994DD6D3-014B-441A-AB81-63F5CFE51687}.Debug|Any CPU.Build.0 = Debug|Any CPU
		{994DD6D3-014B-441A-AB81-63F5CFE51687}.Release|Any CPU.ActiveCfg = Release|Any CPU
		{994DD6D3-014B-441A-AB81-63F5CFE51687}.Release|Any CPU.Build.0 = Release|Any CPU
		{97E68230-E2EC-4040-8540-025588BB77AB}.Debug|Any CPU.ActiveCfg = Debug|Any CPU
		{97E68230-E2EC-4040-8540-025588BB77AB}.Debug|Any CPU.Build.0 = Debug|Any CPU
		{97E68230-E2EC-4040-8540-025588BB77AB}.Release|Any CPU.ActiveCfg = Release|Any CPU
		{97E68230-E2EC-4040-8540-025588BB77AB}.Release|Any CPU.Build.0 = Release|Any CPU
		{3E2D890E-0A5B-459A-9D15-3801CAFDEB1A}.Debug|Any CPU.ActiveCfg = Debug|Any CPU
		{3E2D890E-0A5B-459A-9D15-3801CAFDEB1A}.Debug|Any CPU.Build.0 = Debug|Any CPU
		{3E2D890E-0A5B-459A-9D15-3801CAFDEB1A}.Release|Any CPU.ActiveCfg = Release|Any CPU
		{3E2D890E-0A5B-459A-9D15-3801CAFDEB1A}.Release|Any CPU.Build.0 = Release|Any CPU
		{2300CC47-E24E-42B6-B841-2F24FBA25416}.Debug|Any CPU.ActiveCfg = Debug|Any CPU
		{2300CC47-E24E-42B6-B841-2F24FBA25416}.Debug|Any CPU.Build.0 = Debug|Any CPU
		{2300CC47-E24E-42B6-B841-2F24FBA25416}.Release|Any CPU.ActiveCfg = Release|Any CPU
		{2300CC47-E24E-42B6-B841-2F24FBA25416}.Release|Any CPU.Build.0 = Release|Any CPU
		{F4B86C60-E6FD-42FE-B0AB-4513061CE159}.Debug|Any CPU.ActiveCfg = Debug|Any CPU
		{F4B86C60-E6FD-42FE-B0AB-4513061CE159}.Debug|Any CPU.Build.0 = Debug|Any CPU
		{F4B86C60-E6FD-42FE-B0AB-4513061CE159}.Release|Any CPU.ActiveCfg = Release|Any CPU
		{F4B86C60-E6FD-42FE-B0AB-4513061CE159}.Release|Any CPU.Build.0 = Release|Any CPU
		{6A6BAEBA-7F91-424E-9868-3BDF9344D06A}.Debug|Any CPU.ActiveCfg = Debug|Any CPU
		{6A6BAEBA-7F91-424E-9868-3BDF9344D06A}.Debug|Any CPU.Build.0 = Debug|Any CPU
		{6A6BAEBA-7F91-424E-9868-3BDF9344D06A}.Release|Any CPU.ActiveCfg = Release|Any CPU
		{6A6BAEBA-7F91-424E-9868-3BDF9344D06A}.Release|Any CPU.Build.0 = Release|Any CPU
		{36F09747-6D17-4C11-9E27-C2D82258E17D}.Debug|Any CPU.ActiveCfg = Debug|Any CPU
		{36F09747-6D17-4C11-9E27-C2D82258E17D}.Debug|Any CPU.Build.0 = Debug|Any CPU
		{36F09747-6D17-4C11-9E27-C2D82258E17D}.Release|Any CPU.ActiveCfg = Release|Any CPU
		{36F09747-6D17-4C11-9E27-C2D82258E17D}.Release|Any CPU.Build.0 = Release|Any CPU
		{5AE66067-2E64-40BC-B3BB-33B671EE7E2E}.Debug|Any CPU.ActiveCfg = Debug|Any CPU
		{5AE66067-2E64-40BC-B3BB-33B671EE7E2E}.Debug|Any CPU.Build.0 = Debug|Any CPU
		{5AE66067-2E64-40BC-B3BB-33B671EE7E2E}.Release|Any CPU.ActiveCfg = Release|Any CPU
		{5AE66067-2E64-40BC-B3BB-33B671EE7E2E}.Release|Any CPU.Build.0 = Release|Any CPU
		{9BDAFC0B-8913-4019-B4A3-6CACEE85F90D}.Debug|Any CPU.ActiveCfg = Debug|Any CPU
		{9BDAFC0B-8913-4019-B4A3-6CACEE85F90D}.Debug|Any CPU.Build.0 = Debug|Any CPU
		{9BDAFC0B-8913-4019-B4A3-6CACEE85F90D}.Release|Any CPU.ActiveCfg = Release|Any CPU
		{9BDAFC0B-8913-4019-B4A3-6CACEE85F90D}.Release|Any CPU.Build.0 = Release|Any CPU
		{7F216095-982C-4A17-8213-BEA7FE8D073E}.Debug|Any CPU.ActiveCfg = Debug|Any CPU
		{7F216095-982C-4A17-8213-BEA7FE8D073E}.Debug|Any CPU.Build.0 = Debug|Any CPU
		{7F216095-982C-4A17-8213-BEA7FE8D073E}.Release|Any CPU.ActiveCfg = Release|Any CPU
		{7F216095-982C-4A17-8213-BEA7FE8D073E}.Release|Any CPU.Build.0 = Release|Any CPU
		{12CF5D83-5FBE-4116-ABD1-DBCC47B42A65}.Debug|Any CPU.ActiveCfg = Debug|Any CPU
		{12CF5D83-5FBE-4116-ABD1-DBCC47B42A65}.Debug|Any CPU.Build.0 = Debug|Any CPU
		{12CF5D83-5FBE-4116-ABD1-DBCC47B42A65}.Release|Any CPU.ActiveCfg = Release|Any CPU
		{12CF5D83-5FBE-4116-ABD1-DBCC47B42A65}.Release|Any CPU.Build.0 = Release|Any CPU
		{44DE8738-9467-485F-B1E6-AB97A129C74A}.Debug|Any CPU.ActiveCfg = Debug|Any CPU
		{44DE8738-9467-485F-B1E6-AB97A129C74A}.Debug|Any CPU.Build.0 = Debug|Any CPU
		{44DE8738-9467-485F-B1E6-AB97A129C74A}.Release|Any CPU.ActiveCfg = Release|Any CPU
		{44DE8738-9467-485F-B1E6-AB97A129C74A}.Release|Any CPU.Build.0 = Release|Any CPU
		{47FA4470-F86F-4599-9D50-25DEAE6DE24B}.Debug|Any CPU.ActiveCfg = Debug|Any CPU
		{47FA4470-F86F-4599-9D50-25DEAE6DE24B}.Debug|Any CPU.Build.0 = Debug|Any CPU
		{47FA4470-F86F-4599-9D50-25DEAE6DE24B}.Release|Any CPU.ActiveCfg = Release|Any CPU
		{47FA4470-F86F-4599-9D50-25DEAE6DE24B}.Release|Any CPU.Build.0 = Release|Any CPU
		{A7C9DDC3-8EFD-4032-88FA-4CD4B05BD10F}.Debug|Any CPU.ActiveCfg = Debug|Any CPU
		{A7C9DDC3-8EFD-4032-88FA-4CD4B05BD10F}.Debug|Any CPU.Build.0 = Debug|Any CPU
		{A7C9DDC3-8EFD-4032-88FA-4CD4B05BD10F}.Release|Any CPU.ActiveCfg = Release|Any CPU
		{A7C9DDC3-8EFD-4032-88FA-4CD4B05BD10F}.Release|Any CPU.Build.0 = Release|Any CPU
		{6719706C-8709-4E7F-9574-73DCB9F03E97}.Debug|Any CPU.ActiveCfg = Debug|Any CPU
		{6719706C-8709-4E7F-9574-73DCB9F03E97}.Debug|Any CPU.Build.0 = Debug|Any CPU
		{6719706C-8709-4E7F-9574-73DCB9F03E97}.Release|Any CPU.ActiveCfg = Release|Any CPU
		{6719706C-8709-4E7F-9574-73DCB9F03E97}.Release|Any CPU.Build.0 = Release|Any CPU
		{562BB0D9-5B74-4914-A9E7-BD334E97EE5C}.Debug|Any CPU.ActiveCfg = Debug|Any CPU
		{562BB0D9-5B74-4914-A9E7-BD334E97EE5C}.Debug|Any CPU.Build.0 = Debug|Any CPU
		{562BB0D9-5B74-4914-A9E7-BD334E97EE5C}.Release|Any CPU.ActiveCfg = Release|Any CPU
		{562BB0D9-5B74-4914-A9E7-BD334E97EE5C}.Release|Any CPU.Build.0 = Release|Any CPU
		{3713B81C-7A50-485E-8C43-AB02920D57B4}.Debug|Any CPU.ActiveCfg = Debug|Any CPU
		{3713B81C-7A50-485E-8C43-AB02920D57B4}.Debug|Any CPU.Build.0 = Debug|Any CPU
		{3713B81C-7A50-485E-8C43-AB02920D57B4}.Release|Any CPU.ActiveCfg = Release|Any CPU
		{3713B81C-7A50-485E-8C43-AB02920D57B4}.Release|Any CPU.Build.0 = Release|Any CPU
	EndGlobalSection
EndGlobal
